
Microsoft Visual Studio Solution File, Format Version 12.00
# Visual Studio Version 17
VisualStudioVersion = 17.8.34309.116
MinimumVisualStudioVersion = 10.0.40219.1
Project("{8BC9CEB8-8B4A-11D0-8D11-00A0C91BC942}") = "tamrin 5-2", "tamrin 5-2\tamrin 5-2.vcxproj", "{FD3A25EC-1F78-4B99-A759-2434A789F890}"
EndProject
Global
	GlobalSection(SolutionConfigurationPlatforms) = preSolution
		Debug|x64 = Debug|x64
		Debug|x86 = Debug|x86
		Release|x64 = Release|x64
		Release|x86 = Release|x86
	EndGlobalSection
	GlobalSection(ProjectConfigurationPlatforms) = postSolution
		{FD3A25EC-1F78-4B99-A759-2434A789F890}.Debug|x64.ActiveCfg = Debug|x64
		{FD3A25EC-1F78-4B99-A759-2434A789F890}.Debug|x64.Build.0 = Debug|x64
		{FD3A25EC-1F78-4B99-A759-2434A789F890}.Debug|x86.ActiveCfg = Debug|Win32
		{FD3A25EC-1F78-4B99-A759-2434A789F890}.Debug|x86.Build.0 = Debug|Win32
		{FD3A25EC-1F78-4B99-A759-2434A789F890}.Release|x64.ActiveCfg = Release|x64
		{FD3A25EC-1F78-4B99-A759-2434A789F890}.Release|x64.Build.0 = Release|x64
		{FD3A25EC-1F78-4B99-A759-2434A789F890}.Release|x86.ActiveCfg = Release|Win32
		{FD3A25EC-1F78-4B99-A759-2434A789F890}.Release|x86.Build.0 = Release|Win32
	EndGlobalSection
	GlobalSection(SolutionProperties) = preSolution
		HideSolutionNode = FALSE
	EndGlobalSection
	GlobalSection(ExtensibilityGlobals) = postSolution
		SolutionGuid = {23D0BB27-CE82-4F01-8EF2-FD6CAD82FEB7}
	EndGlobalSection
EndGlobal
